
Microsoft Visual Studio Solution File, Format Version 12.00
# Visual Studio Version 17
VisualStudioVersion = 17.6.33712.159
MinimumVisualStudioVersion = 10.0.40219.1
Project("{9A19103F-16F7-4668-BE54-9A1E7A4F7556}") = "CSharpBasic", "C# basic\CSharpBasic.csproj", "{8BCC473B-F0D8-4AD1-80EB-37F50A4DCF63}"
EndProject
Project("{9A19103F-16F7-4668-BE54-9A1E7A4F7556}") = "OOPS", "OOPS\OOPS.csproj", "{29506195-2B33-41A5-AF1D-F192397206F9}"
EndProject
Project("{9A19103F-16F7-4668-BE54-9A1E7A4F7556}") = "Interfaces", "Interfaces\Interfaces.csproj", "{57A1A37A-AB29-492F-9615-B2A3239614A8}"
EndProject
Project("{9A19103F-16F7-4668-BE54-9A1E7A4F7556}") = "Interface_Logger", "Interface_Logger\Interface_Logger.csproj", "{33CB7E75-DD63-4389-B9ED-02087581589E}"
EndProject
Project("{9A19103F-16F7-4668-BE54-9A1E7A4F7556}") = "MethodOverrid", "MethodOverrid\MethodOverrid.csproj", "{6C86F209-6CA5-48E9-AEB4-C49B0655FD4E}"
EndProject
Project("{9A19103F-16F7-4668-BE54-9A1E7A4F7556}") = "AbstractClass", "AbstractClass\AbstractClass.csproj", "{EE62F194-EB88-4322-B37B-1013A9FA6614}"
EndProject
Project("{9A19103F-16F7-4668-BE54-9A1E7A4F7556}") = "DbConnection", "DbConnection\DbConnection.csproj", "{8402D738-FEC5-4F1C-B651-C79E043511D6}"
EndProject
Project("{9A19103F-16F7-4668-BE54-9A1E7A4F7556}") = "workflow_engine", "workflow_engine\workflow_engine.csproj", "{545903F7-9D81-4D3A-B87A-E39186FA5627}"
EndProject
Project("{9A19103F-16F7-4668-BE54-9A1E7A4F7556}") = "NLogger", "NLogger\NLogger.csproj", "{937A1CB5-6B2D-4A8D-9E67-F2FE7E18555C}"
EndProject
Project("{FAE04EC0-301F-11D3-BF4B-00C04F79EFBC}") = "ASP.NET MVC", "ASP.NET MVC\ASP.NET MVC.csproj", "{18A86484-3AB6-466B-BD9B-6D83EE386959}"
EndProject
Project("{FAE04EC0-301F-11D3-BF4B-00C04F79EFBC}") = "ArrayAnd List", "ArrayAnd List\ArrayAnd List.csproj", "{89AC665C-3E6F-4DA5-B90F-3CDCC145244A}"
EndProject
Project("{FAE04EC0-301F-11D3-BF4B-00C04F79EFBC}") = "Expense Tracker", "Expense Tracker\Expense Tracker.csproj", "{98E2B13E-EB7E-4C19-9770-320558E57EA9}"
EndProject
Global
	GlobalSection(SolutionConfigurationPlatforms) = preSolution
		Debug|Any CPU = Debug|Any CPU
		Release|Any CPU = Release|Any CPU
	EndGlobalSection
	GlobalSection(ProjectConfigurationPlatforms) = postSolution
		{8BCC473B-F0D8-4AD1-80EB-37F50A4DCF63}.Debug|Any CPU.ActiveCfg = Debug|Any CPU
		{8BCC473B-F0D8-4AD1-80EB-37F50A4DCF63}.Debug|Any CPU.Build.0 = Debug|Any CPU
		{8BCC473B-F0D8-4AD1-80EB-37F50A4DCF63}.Release|Any CPU.ActiveCfg = Release|Any CPU
		{8BCC473B-F0D8-4AD1-80EB-37F50A4DCF63}.Release|Any CPU.Build.0 = Release|Any CPU
		{29506195-2B33-41A5-AF1D-F192397206F9}.Debug|Any CPU.ActiveCfg = Debug|Any CPU
		{29506195-2B33-41A5-AF1D-F192397206F9}.Debug|Any CPU.Build.0 = Debug|Any CPU
		{29506195-2B33-41A5-AF1D-F192397206F9}.Release|Any CPU.ActiveCfg = Release|Any CPU
		{29506195-2B33-41A5-AF1D-F192397206F9}.Release|Any CPU.Build.0 = Release|Any CPU
		{57A1A37A-AB29-492F-9615-B2A3239614A8}.Debug|Any CPU.ActiveCfg = Debug|Any CPU
		{57A1A37A-AB29-492F-9615-B2A3239614A8}.Debug|Any CPU.Build.0 = Debug|Any CPU
		{57A1A37A-AB29-492F-9615-B2A3239614A8}.Release|Any CPU.ActiveCfg = Release|Any CPU
		{57A1A37A-AB29-492F-9615-B2A3239614A8}.Release|Any CPU.Build.0 = Release|Any CPU
		{33CB7E75-DD63-4389-B9ED-02087581589E}.Debug|Any CPU.ActiveCfg = Debug|Any CPU
		{33CB7E75-DD63-4389-B9ED-02087581589E}.Debug|Any CPU.Build.0 = Debug|Any CPU
		{33CB7E75-DD63-4389-B9ED-02087581589E}.Release|Any CPU.ActiveCfg = Release|Any CPU
		{33CB7E75-DD63-4389-B9ED-02087581589E}.Release|Any CPU.Build.0 = Release|Any CPU
		{6C86F209-6CA5-48E9-AEB4-C49B0655FD4E}.Debug|Any CPU.ActiveCfg = Debug|Any CPU
		{6C86F209-6CA5-48E9-AEB4-C49B0655FD4E}.Debug|Any CPU.Build.0 = Debug|Any CPU
		{6C86F209-6CA5-48E9-AEB4-C49B0655FD4E}.Release|Any CPU.ActiveCfg = Release|Any CPU
		{6C86F209-6CA5-48E9-AEB4-C49B0655FD4E}.Release|Any CPU.Build.0 = Release|Any CPU
		{EE62F194-EB88-4322-B37B-1013A9FA6614}.Debug|Any CPU.ActiveCfg = Debug|Any CPU
		{EE62F194-EB88-4322-B37B-1013A9FA6614}.Debug|Any CPU.Build.0 = Debug|Any CPU
		{EE62F194-EB88-4322-B37B-1013A9FA6614}.Release|Any CPU.ActiveCfg = Release|Any CPU
		{EE62F194-EB88-4322-B37B-1013A9FA6614}.Release|Any CPU.Build.0 = Release|Any CPU
		{8402D738-FEC5-4F1C-B651-C79E043511D6}.Debug|Any CPU.ActiveCfg = Debug|Any CPU
		{8402D738-FEC5-4F1C-B651-C79E043511D6}.Debug|Any CPU.Build.0 = Debug|Any CPU
		{8402D738-FEC5-4F1C-B651-C79E043511D6}.Release|Any CPU.ActiveCfg = Release|Any CPU
		{8402D738-FEC5-4F1C-B651-C79E043511D6}.Release|Any CPU.Build.0 = Release|Any CPU
		{545903F7-9D81-4D3A-B87A-E39186FA5627}.Debug|Any CPU.ActiveCfg = Debug|Any CPU
		{545903F7-9D81-4D3A-B87A-E39186FA5627}.Debug|Any CPU.Build.0 = Debug|Any CPU
		{545903F7-9D81-4D3A-B87A-E39186FA5627}.Release|Any CPU.ActiveCfg = Release|Any CPU
		{545903F7-9D81-4D3A-B87A-E39186FA5627}.Release|Any CPU.Build.0 = Release|Any CPU
		{937A1CB5-6B2D-4A8D-9E67-F2FE7E18555C}.Debug|Any CPU.ActiveCfg = Debug|Any CPU
		{937A1CB5-6B2D-4A8D-9E67-F2FE7E18555C}.Debug|Any CPU.Build.0 = Debug|Any CPU
		{937A1CB5-6B2D-4A8D-9E67-F2FE7E18555C}.Release|Any CPU.ActiveCfg = Release|Any CPU
		{937A1CB5-6B2D-4A8D-9E67-F2FE7E18555C}.Release|Any CPU.Build.0 = Release|Any CPU
		{18A86484-3AB6-466B-BD9B-6D83EE386959}.Debug|Any CPU.ActiveCfg = Debug|Any CPU
		{18A86484-3AB6-466B-BD9B-6D83EE386959}.Debug|Any CPU.Build.0 = Debug|Any CPU
		{18A86484-3AB6-466B-BD9B-6D83EE386959}.Release|Any CPU.ActiveCfg = Release|Any CPU
		{18A86484-3AB6-466B-BD9B-6D83EE386959}.Release|Any CPU.Build.0 = Release|Any CPU
		{89AC665C-3E6F-4DA5-B90F-3CDCC145244A}.Debug|Any CPU.ActiveCfg = Debug|Any CPU
		{89AC665C-3E6F-4DA5-B90F-3CDCC145244A}.Debug|Any CPU.Build.0 = Debug|Any CPU
		{89AC665C-3E6F-4DA5-B90F-3CDCC145244A}.Release|Any CPU.ActiveCfg = Release|Any CPU
		{89AC665C-3E6F-4DA5-B90F-3CDCC145244A}.Release|Any CPU.Build.0 = Release|Any CPU
		{98E2B13E-EB7E-4C19-9770-320558E57EA9}.Debug|Any CPU.ActiveCfg = Debug|Any CPU
		{98E2B13E-EB7E-4C19-9770-320558E57EA9}.Debug|Any CPU.Build.0 = Debug|Any CPU
		{98E2B13E-EB7E-4C19-9770-320558E57EA9}.Release|Any CPU.ActiveCfg = Release|Any CPU
		{98E2B13E-EB7E-4C19-9770-320558E57EA9}.Release|Any CPU.Build.0 = Release|Any CPU
	EndGlobalSection
	GlobalSection(SolutionProperties) = preSolution
		HideSolutionNode = FALSE
	EndGlobalSection
	GlobalSection(ExtensibilityGlobals) = postSolution
		SolutionGuid = {2635F045-547E-459C-B893-E8E9419814FB}
	EndGlobalSection
EndGlobal
